
Microsoft Visual Studio Solution File, Format Version 12.00
# Visual Studio Version 17
VisualStudioVersion = 17.5.33424.131
MinimumVisualStudioVersion = 10.0.40219.1
Project("{9A19103F-16F7-4668-BE54-9A1E7A4F7556}") = "AirportSimServer", "AirportSimServer\AirportSimServer.csproj", "{D68B8B81-56A0-4FB6-AD1C-ABC2926CB24C}"
EndProject
Project("{9A19103F-16F7-4668-BE54-9A1E7A4F7556}") = "ServerLogic", "ServerLogic\ServerLogic.csproj", "{E361C46D-0CA7-403D-891A-4C72D104AC86}"
EndProject
Project("{9A19103F-16F7-4668-BE54-9A1E7A4F7556}") = "ServerDal", "ServerDal\ServerDal.csproj", "{05927892-2F37-48F3-A01A-F31FB59ED7A2}"
EndProject
Project("{2150E333-8FDC-42A3-9474-1A3956D46DE8}") = "Solution Items", "Solution Items", "{29F52ABA-E1EC-407F-99E8-0C056426D085}"
	ProjectSection(SolutionItems) = preProject
		.editorconfig = .editorconfig
	EndProjectSection
EndProject
Project("{9A19103F-16F7-4668-BE54-9A1E7A4F7556}") = "FlightSimulator", "FlightSimulator\FlightSimulator.csproj", "{8BACBD78-E31B-4136-9786-957F76B062C6}"
EndProject
Project("{FAE04EC0-301F-11D3-BF4B-00C04F79EFBC}") = "AirportSimCore", "AirportSimCore\AirportSimCore.csproj", "{36672398-6562-4AA2-AE92-9B8802B1840D}"
EndProject
Global
	GlobalSection(SolutionConfigurationPlatforms) = preSolution
		Debug|Any CPU = Debug|Any CPU
		Release|Any CPU = Release|Any CPU
	EndGlobalSection
	GlobalSection(ProjectConfigurationPlatforms) = postSolution
		{D68B8B81-56A0-4FB6-AD1C-ABC2926CB24C}.Debug|Any CPU.ActiveCfg = Debug|Any CPU
		{D68B8B81-56A0-4FB6-AD1C-ABC2926CB24C}.Debug|Any CPU.Build.0 = Debug|Any CPU
		{D68B8B81-56A0-4FB6-AD1C-ABC2926CB24C}.Release|Any CPU.ActiveCfg = Release|Any CPU
		{D68B8B81-56A0-4FB6-AD1C-ABC2926CB24C}.Release|Any CPU.Build.0 = Release|Any CPU
		{E361C46D-0CA7-403D-891A-4C72D104AC86}.Debug|Any CPU.ActiveCfg = Debug|Any CPU
		{E361C46D-0CA7-403D-891A-4C72D104AC86}.Debug|Any CPU.Build.0 = Debug|Any CPU
		{E361C46D-0CA7-403D-891A-4C72D104AC86}.Release|Any CPU.ActiveCfg = Release|Any CPU
		{E361C46D-0CA7-403D-891A-4C72D104AC86}.Release|Any CPU.Build.0 = Release|Any CPU
		{05927892-2F37-48F3-A01A-F31FB59ED7A2}.Debug|Any CPU.ActiveCfg = Debug|Any CPU
		{05927892-2F37-48F3-A01A-F31FB59ED7A2}.Debug|Any CPU.Build.0 = Debug|Any CPU
		{05927892-2F37-48F3-A01A-F31FB59ED7A2}.Release|Any CPU.ActiveCfg = Release|Any CPU
		{05927892-2F37-48F3-A01A-F31FB59ED7A2}.Release|Any CPU.Build.0 = Release|Any CPU
		{8BACBD78-E31B-4136-9786-957F76B062C6}.Debug|Any CPU.ActiveCfg = Debug|Any CPU
		{8BACBD78-E31B-4136-9786-957F76B062C6}.Debug|Any CPU.Build.0 = Debug|Any CPU
		{8BACBD78-E31B-4136-9786-957F76B062C6}.Release|Any CPU.ActiveCfg = Release|Any CPU
		{8BACBD78-E31B-4136-9786-957F76B062C6}.Release|Any CPU.Build.0 = Release|Any CPU
		{36672398-6562-4AA2-AE92-9B8802B1840D}.Debug|Any CPU.ActiveCfg = Debug|Any CPU
		{36672398-6562-4AA2-AE92-9B8802B1840D}.Debug|Any CPU.Build.0 = Debug|Any CPU
		{36672398-6562-4AA2-AE92-9B8802B1840D}.Release|Any CPU.ActiveCfg = Release|Any CPU
		{36672398-6562-4AA2-AE92-9B8802B1840D}.Release|Any CPU.Build.0 = Release|Any CPU
	EndGlobalSection
	GlobalSection(SolutionProperties) = preSolution
		HideSolutionNode = FALSE
	EndGlobalSection
	GlobalSection(ExtensibilityGlobals) = postSolution
		SolutionGuid = {379B3BEC-D223-4ECA-A207-811ACDC835CE}
	EndGlobalSection
EndGlobal
